
Microsoft Visual Studio Solution File, Format Version 12.00
# Visual Studio Version 18
VisualStudioVersion = 18.5.11723.231 stable
MinimumVisualStudioVersion = 10.0.40219.1
Project("{FAE04EC0-301F-11D3-BF4B-00C04F79EFBC}") = "PwaRedirectTest", "PwaRedirectTest.csproj", "{595FC85A-05BA-8416-8C56-F7EEF82EC0BA}"
EndProject
Global
	GlobalSection(SolutionConfigurationPlatforms) = preSolution
		Debug|Any CPU = Debug|Any CPU
		Release|Any CPU = Release|Any CPU
	EndGlobalSection
	GlobalSection(ProjectConfigurationPlatforms) = postSolution
		{595FC85A-05BA-8416-8C56-F7EEF82EC0BA}.Debug|Any CPU.ActiveCfg = Debug|Any CPU
		{595FC85A-05BA-8416-8C56-F7EEF82EC0BA}.Debug|Any CPU.Build.0 = Debug|Any CPU
		{595FC85A-05BA-8416-8C56-F7EEF82EC0BA}.Release|Any CPU.ActiveCfg = Release|Any CPU
		{595FC85A-05BA-8416-8C56-F7EEF82EC0BA}.Release|Any CPU.Build.0 = Release|Any CPU
	EndGlobalSection
	GlobalSection(SolutionProperties) = preSolution
		HideSolutionNode = FALSE
	EndGlobalSection
	GlobalSection(ExtensibilityGlobals) = postSolution
		SolutionGuid = {F75E0057-C6E2-47B7-B237-A326E79B6DBD}
	EndGlobalSection
EndGlobal
